dependencies:
- name: alfresco-common
  repository: https://alfresco.github.io/alfresco-helm-charts/
  version: 3.0.0
- name: activemq
  repository: https://cbautistadev.github.io/alfresco-helm-charts/
  version: 3.4.1
- name: elasticsearch
  repository: https://helm.elastic.co
  version: 7.17.3
digest: sha256:38a0e522d8a735f0f708e5431f12280dd465fe3dfcd1d35951de17e057679b71
generated: "2023-12-21T16:36:43.955287-08:00"
