dependencies:
- name: alfresco-common
  repository: https://cbautistadev.github.io/alfresco-helm-charts/
  version: 3.1.0
- name: activemq
  repository: https://cbautistadev.github.io/alfresco-helm-charts/
  version: 3.4.1
digest: sha256:b955aef116d150f7178c9950952f7d1e2406d3e8359b1ac000544bbfa8062be0
generated: "2023-12-20T20:53:39.196473928Z"
