dependencies:
- name: alfresco-common
  repository: https://cbautistadev.github.io/alfresco-helm-charts/
  version: 2.1.0
- name: activemq
  repository: https://cbautistadev.github.io/alfresco-helm-charts/
  version: 3.3.0
- name: postgresql
  repository: oci://registry-1.docker.io/bitnamicharts
  version: 12.5.6
digest: sha256:1cbf40b76d6ea41b4254e5e16c200847f889eadda70e813a474377e2e96b1e6a
generated: "2023-12-20T20:53:44.420000664Z"
