dependencies:
- name: alfresco-insight-zeppelin
  repository: ""
  version: 2.2.0
- name: alfresco-common
  repository: https://cbautistadev.github.io/alfresco-helm-charts/
  version: 2.1.0
digest: sha256:6262d7572a2d7a07ce56e41c71f416d61d5037d87055d53dee966647f5a30e4a
generated: "2023-12-20T20:53:35.765835667Z"
