dependencies:
- name: alfresco-common
  repository: https://alfresco.github.io/alfresco-helm-charts/
  version: 3.0.0
- name: postgresql
  repository: oci://registry-1.docker.io/bitnamicharts
  version: 12.8.5
- name: common
  repository: https://activiti.github.io/activiti-cloud-helm-charts
  version: 8.0.0
- name: common
  repository: https://activiti.github.io/activiti-cloud-helm-charts
  version: 8.0.0
- name: alfresco-repository
  repository: https://cbautistadev.github.io/alfresco-helm-charts/
  version: 0.1.2
- name: activemq
  repository: https://cbautistadev.github.io/alfresco-helm-charts/
  version: 3.4.1
- name: alfresco-transform-service
  repository: https://cbautistadev.github.io/alfresco-helm-charts/
  version: 0.3.2
- name: alfresco-search-service
  repository: https://cbautistadev.github.io/alfresco-helm-charts/
  version: 2.0.0
- name: alfresco-sync-service
  repository: https://cbautistadev.github.io/alfresco-helm-charts/
  version: 4.5.1
- name: alfresco-search-enterprise
  repository: https://cbautistadev.github.io/alfresco-helm-charts/
  version: 3.0.3
- name: alfresco-connector-msteams
  repository: https://cbautistadev.github.io/alfresco-helm-charts/
  version: 0.2.0
- name: alfresco-share
  repository: https://cbautistadev.github.io/alfresco-helm-charts/
  version: 0.2.1
- name: alfresco-connector-ms365
  repository: https://cbautistadev.github.io/alfresco-helm-charts/
  version: 0.4.0
- name: alfresco-ai-transformer
  repository: https://cbautistadev.github.io/alfresco-helm-charts/
  version: 0.4.1
- name: elasticsearch
  repository: https://helm.elastic.co
  version: 7.17.3
digest: sha256:74776308a2369d2484d544834125c3ce304bb931f87f839585d71f31e5a330ed
generated: "2024-01-04T15:25:14.369656-08:00"
